
Microsoft Visual Studio Solution File, Format Version 10.00
# Visual Studio 2008
Project("{FAE04EC0-301F-11D3-BF4B-00C04F79EFBC}") = "BusinessObjects", "BusinessObjects\BusinessObjects.csproj", "{FD661BD4-56DB-4E99-87A1-DE84F70A0F4D}"
EndProject
Project("{FAE04EC0-301F-11D3-BF4B-00C04F79EFBC}") = "BrokerWebApp", "BrokerWebApp\BrokerWebApp.csproj", "{5CDC9348-B169-42A3-AF38-7A48AF1E6A89}"
EndProject
Global
	GlobalSection(SolutionConfigurationPlatforms) = preSolution
		Debug|Any CPU = Debug|Any CPU
		Release|Any CPU = Release|Any CPU
	EndGlobalSection
	GlobalSection(ProjectConfigurationPlatforms) = postSolution
		{FD661BD4-56DB-4E99-87A1-DE84F70A0F4D}.Debug|Any CPU.ActiveCfg = Debug|Any CPU
		{FD661BD4-56DB-4E99-87A1-DE84F70A0F4D}.Debug|Any CPU.Build.0 = Debug|Any CPU
		{FD661BD4-56DB-4E99-87A1-DE84F70A0F4D}.Release|Any CPU.ActiveCfg = Release|Any CPU
		{FD661BD4-56DB-4E99-87A1-DE84F70A0F4D}.Release|Any CPU.Build.0 = Release|Any CPU
		{5CDC9348-B169-42A3-AF38-7A48AF1E6A89}.Debug|Any CPU.ActiveCfg = Debug|Any CPU
		{5CDC9348-B169-42A3-AF38-7A48AF1E6A89}.Debug|Any CPU.Build.0 = Debug|Any CPU
		{5CDC9348-B169-42A3-AF38-7A48AF1E6A89}.Release|Any CPU.ActiveCfg = Release|Any CPU
		{5CDC9348-B169-42A3-AF38-7A48AF1E6A89}.Release|Any CPU.Build.0 = Release|Any CPU
	EndGlobalSection
	GlobalSection(SolutionProperties) = preSolution
		HideSolutionNode = FALSE
	EndGlobalSection
EndGlobal
